// !$*UTF8*$!
{
	archiveVersion = 1;
	classes = {
	};
	objectVersion = 60;
	objects = {

/* Begin PBXBuildFile section */
		F41C66382D1F756400D7209C /* MarkdownExampleApp.swift in Sources */ = {isa = PBXBuildFile; fileRef = F41C66372D1F756400D7209C /* MarkdownExampleApp.swift */; };
		F41C663A2D1F756400D7209C /* ContentView.swift in Sources */ = {isa = PBXBuildFile; fileRef = F41C66392D1F756400D7209C /* ContentView.swift */; };
		F41C663C2D1F756600D7209C /* Assets.xcassets in Resources */ = {isa = PBXBuildFile; fileRef = F41C663B2D1F756600D7209C /* Assets.xcassets */; };
		F41C66402D1F756600D7209C /* Preview Assets.xcassets in Resources */ = {isa = PBXBuildFile; fileRef = F41C663F2D1F756600D7209C /* Preview Assets.xcassets */; };
		F41C664A2D1F756600D7209C /* MarkdownExampleAppTests.swift in Sources */ = {isa = PBXBuildFile; fileRef = F41C66492D1F756600D7209C /* MarkdownExampleAppTests.swift */; };
		F41C66542D1F756600D7209C /* MarkdownExampleAppUITests.swift in Sources */ = {isa = PBXBuildFile; fileRef = F41C66532D1F756600D7209C /* MarkdownExampleAppUITests.swift */; };
		F41C66562D1F756600D7209C /* MarkdownExampleAppUITestsLaunchTests.swift in Sources */ = {isa = PBXBuildFile; fileRef = F41C66552D1F756600D7209C /* MarkdownExampleAppUITestsLaunchTests.swift */; };
		F41C66642D1F758B00D7209C /* FastMarkdownParser in Frameworks */ = {isa = PBXBuildFile; productRef = F41C66632D1F758B00D7209C /* FastMarkdownParser */; };
		F41C66672D1FC48400D7209C /* SwiftPrettyTree in Frameworks */ = {isa = PBXBuildFile; productRef = F41C66662D1FC48400D7209C /* SwiftPrettyTree */; };
		F41C66692D20924800D7209C /* MarkdownDebugEditor.swift in Sources */ = {isa = PBXBuildFile; fileRef = F41C66682D20924800D7209C /* MarkdownDebugEditor.swift */; };
		F41C666B2D20934400D7209C /* MarkdownRenderer.swift in Sources */ = {isa = PBXBuildFile; fileRef = F41C666A2D20934400D7209C /* MarkdownRenderer.swift */; };
		F41C666E2D2093D100D7209C /* sample1.md in Resources */ = {isa = PBXBuildFile; fileRef = F41C666D2D2093D100D7209C /* sample1.md */; };
		F41C66702D20953900D7209C /* sample2.md in Resources */ = {isa = PBXBuildFile; fileRef = F41C666F2D20953900D7209C /* sample2.md */; };
		F41C66722D20955600D7209C /* sample3.md in Resources */ = {isa = PBXBuildFile; fileRef = F41C66712D20955600D7209C /* sample3.md */; };
		F41C66752D20957100D7209C /* sample4.md in Resources */ = {isa = PBXBuildFile; fileRef = F41C66742D20957100D7209C /* sample4.md */; };
		F41C66772D2097D700D7209C /* SampleFileType.swift in Sources */ = {isa = PBXBuildFile; fileRef = F41C66762D2097D700D7209C /* SampleFileType.swift */; };
		F41C66792D20B53A00D7209C /* WrapView.swift in Sources */ = {isa = PBXBuildFile; fileRef = F41C66782D20B53A00D7209C /* WrapView.swift */; };
		F41C667B2D20B8C200D7209C /* DocumentView.swift in Sources */ = {isa = PBXBuildFile; fileRef = F41C667A2D20B8C200D7209C /* DocumentView.swift */; };
/* End PBXBuildFile section */

/* Begin PBXContainerItemProxy section */
		F41C66462D1F756600D7209C /* PBXContainerItemProxy */ = {
			isa = PBXContainerItemProxy;
			containerPortal = F41C662C2D1F756400D7209C /* Project object */;
			proxyType = 1;
			remoteGlobalIDString = F41C66332D1F756400D7209C;
			remoteInfo = MarkdownExampleApp;
		};
		F41C66502D1F756600D7209C /* PBXContainerItemProxy */ = {
			isa = PBXContainerItemProxy;
			containerPortal = F41C662C2D1F756400D7209C /* Project object */;
			proxyType = 1;
			remoteGlobalIDString = F41C66332D1F756400D7209C;
			remoteInfo = MarkdownExampleApp;
		};
/* End PBXContainerItemProxy section */

/* Begin PBXFileReference section */
		F41C66342D1F756400D7209C /* MarkdownExampleApp.app */ = {isa = PBXFileReference; explicitFileType = wrapper.application; includeInIndex = 0; path = MarkdownExampleApp.app; sourceTree = BUILT_PRODUCTS_DIR; };
		F41C66372D1F756400D7209C /* MarkdownExampleApp.swift */ = {isa = PBXFileReference; lastKnownFileType = sourcecode.swift; path = MarkdownExampleApp.swift; sourceTree = "<group>"; };
		F41C66392D1F756400D7209C /* ContentView.swift */ = {isa = PBXFileReference; lastKnownFileType = sourcecode.swift; path = ContentView.swift; sourceTree = "<group>"; };
		F41C663B2D1F756600D7209C /* Assets.xcassets */ = {isa = PBXFileReference; lastKnownFileType = folder.assetcatalog; path = Assets.xcassets; sourceTree = "<group>"; };
		F41C663D2D1F756600D7209C /* MarkdownExampleApp.entitlements */ = {isa = PBXFileReference; lastKnownFileType = text.plist.entitlements; path = MarkdownExampleApp.entitlements; sourceTree = "<group>"; };
		F41C663F2D1F756600D7209C /* Preview Assets.xcassets */ = {isa = PBXFileReference; lastKnownFileType = folder.assetcatalog; path = "Preview Assets.xcassets"; sourceTree = "<group>"; };
		F41C66452D1F756600D7209C /* MarkdownExampleAppTests.xctest */ = {isa = PBXFileReference; explicitFileType = wrapper.cfbundle; includeInIndex = 0; path = MarkdownExampleAppTests.xctest; sourceTree = BUILT_PRODUCTS_DIR; };
		F41C66492D1F756600D7209C /* MarkdownExampleAppTests.swift */ = {isa = PBXFileReference; lastKnownFileType = sourcecode.swift; path = MarkdownExampleAppTests.swift; sourceTree = "<group>"; };
		F41C664F2D1F756600D7209C /* MarkdownExampleAppUITests.xctest */ = {isa = PBXFileReference; explicitFileType = wrapper.cfbundle; includeInIndex = 0; path = MarkdownExampleAppUITests.xctest; sourceTree = BUILT_PRODUCTS_DIR; };
		F41C66532D1F756600D7209C /* MarkdownExampleAppUITests.swift */ = {isa = PBXFileReference; lastKnownFileType = sourcecode.swift; path = MarkdownExampleAppUITests.swift; sourceTree = "<group>"; };
		F41C66552D1F756600D7209C /* MarkdownExampleAppUITestsLaunchTests.swift */ = {isa = PBXFileReference; lastKnownFileType = sourcecode.swift; path = MarkdownExampleAppUITestsLaunchTests.swift; sourceTree = "<group>"; };
		F41C66682D20924800D7209C /* MarkdownDebugEditor.swift */ = {isa = PBXFileReference; lastKnownFileType = sourcecode.swift; path = MarkdownDebugEditor.swift; sourceTree = "<group>"; };
		F41C666A2D20934400D7209C /* MarkdownRenderer.swift */ = {isa = PBXFileReference; lastKnownFileType = sourcecode.swift; path = MarkdownRenderer.swift; sourceTree = "<group>"; };
		F41C666D2D2093D100D7209C /* sample1.md */ = {isa = PBXFileReference; lastKnownFileType = net.daringfireball.markdown; path = sample1.md; sourceTree = "<group>"; };
		F41C666F2D20953900D7209C /* sample2.md */ = {isa = PBXFileReference; lastKnownFileType = net.daringfireball.markdown; path = sample2.md; sourceTree = "<group>"; };
		F41C66712D20955600D7209C /* sample3.md */ = {isa = PBXFileReference; lastKnownFileType = net.daringfireball.markdown; path = sample3.md; sourceTree = "<group>"; };
		F41C66742D20957100D7209C /* sample4.md */ = {isa = PBXFileReference; lastKnownFileType = net.daringfireball.markdown; path = sample4.md; sourceTree = "<group>"; };
		F41C66762D2097D700D7209C /* SampleFileType.swift */ = {isa = PBXFileReference; lastKnownFileType = sourcecode.swift; path = SampleFileType.swift; sourceTree = "<group>"; };
		F41C66782D20B53A00D7209C /* WrapView.swift */ = {isa = PBXFileReference; lastKnownFileType = sourcecode.swift; path = WrapView.swift; sourceTree = "<group>"; };
		F41C667A2D20B8C200D7209C /* DocumentView.swift */ = {isa = PBXFileReference; lastKnownFileType = sourcecode.swift; path = DocumentView.swift; sourceTree = "<group>"; };
/* End PBXFileReference section */

/* Begin PBXFrameworksBuildPhase section */
		F41C66312D1F756400D7209C /* Frameworks */ = {
			isa = PBXFrameworksBuildPhase;
			buildActionMask = 2147483647;
			files = (
				F41C66672D1FC48400D7209C /* SwiftPrettyTree in Frameworks */,
				F41C66642D1F758B00D7209C /* FastMarkdownParser in Frameworks */,
			);
			runOnlyForDeploymentPostprocessing = 0;
		};
		F41C66422D1F756600D7209C /* Frameworks */ = {
			isa = PBXFrameworksBuildPhase;
			buildActionMask = 2147483647;
			files = (
			);
			runOnlyForDeploymentPostprocessing = 0;
		};
		F41C664C2D1F756600D7209C /* Frameworks */ = {
			isa = PBXFrameworksBuildPhase;
			buildActionMask = 2147483647;
			files = (
			);
			runOnlyForDeploymentPostprocessing = 0;
		};
/* End PBXFrameworksBuildPhase section */

/* Begin PBXGroup section */
		F41C662B2D1F756400D7209C = {
			isa = PBXGroup;
			children = (
				F41C66362D1F756400D7209C /* MarkdownExampleApp */,
				F41C66482D1F756600D7209C /* MarkdownExampleAppTests */,
				F41C66522D1F756600D7209C /* MarkdownExampleAppUITests */,
				F41C66352D1F756400D7209C /* Products */,
			);
			sourceTree = "<group>";
		};
		F41C66352D1F756400D7209C /* Products */ = {
			isa = PBXGroup;
			children = (
				F41C66342D1F756400D7209C /* MarkdownExampleApp.app */,
				F41C66452D1F756600D7209C /* MarkdownExampleAppTests.xctest */,
				F41C664F2D1F756600D7209C /* MarkdownExampleAppUITests.xctest */,
			);
			name = Products;
			sourceTree = "<group>";
		};
		F41C66362D1F756400D7209C /* MarkdownExampleApp */ = {
			isa = PBXGroup;
			children = (
				F41C663D2D1F756600D7209C /* MarkdownExampleApp.entitlements */,
				F41C66392D1F756400D7209C /* ContentView.swift */,
				F41C667A2D20B8C200D7209C /* DocumentView.swift */,
				F41C66682D20924800D7209C /* MarkdownDebugEditor.swift */,
				F41C66372D1F756400D7209C /* MarkdownExampleApp.swift */,
				F41C666A2D20934400D7209C /* MarkdownRenderer.swift */,
				F41C66782D20B53A00D7209C /* WrapView.swift */,
				F41C663B2D1F756600D7209C /* Assets.xcassets */,
				F41C663E2D1F756600D7209C /* Preview Content */,
				F41C666C2D2093C200D7209C /* samples */,
			);
			path = MarkdownExampleApp;
			sourceTree = "<group>";
		};
		F41C663E2D1F756600D7209C /* Preview Content */ = {
			isa = PBXGroup;
			children = (
				F41C663F2D1F756600D7209C /* Preview Assets.xcassets */,
			);
			path = "Preview Content";
			sourceTree = "<group>";
		};
		F41C66482D1F756600D7209C /* MarkdownExampleAppTests */ = {
			isa = PBXGroup;
			children = (
				F41C66492D1F756600D7209C /* MarkdownExampleAppTests.swift */,
			);
			path = MarkdownExampleAppTests;
			sourceTree = "<group>";
		};
		F41C66522D1F756600D7209C /* MarkdownExampleAppUITests */ = {
			isa = PBXGroup;
			children = (
				F41C66532D1F756600D7209C /* MarkdownExampleAppUITests.swift */,
				F41C66552D1F756600D7209C /* MarkdownExampleAppUITestsLaunchTests.swift */,
			);
			path = MarkdownExampleAppUITests;
			sourceTree = "<group>";
		};
		F41C666C2D2093C200D7209C /* samples */ = {
			isa = PBXGroup;
			children = (
				F41C666D2D2093D100D7209C /* sample1.md */,
				F41C666F2D20953900D7209C /* sample2.md */,
				F41C66712D20955600D7209C /* sample3.md */,
				F41C66742D20957100D7209C /* sample4.md */,
				F41C66762D2097D700D7209C /* SampleFileType.swift */,
			);
			path = samples;
			sourceTree = "<group>";
		};
/* End PBXGroup section */

/* Begin PBXNativeTarget section */
		F41C66332D1F756400D7209C /* MarkdownExampleApp */ = {
			isa = PBXNativeTarget;
			buildConfigurationList = F41C66592D1F756600D7209C /* Build configuration list for PBXNativeTarget "MarkdownExampleApp" */;
			buildPhases = (
				F41C66302D1F756400D7209C /* Sources */,
				F41C66312D1F756400D7209C /* Frameworks */,
				F41C66322D1F756400D7209C /* Resources */,
			);
			buildRules = (
			);
			dependencies = (
			);
			name = MarkdownExampleApp;
			packageProductDependencies = (
				F41C66632D1F758B00D7209C /* FastMarkdownParser */,
				F41C66662D1FC48400D7209C /* SwiftPrettyTree */,
			);
			productName = MarkdownExampleApp;
			productReference = F41C66342D1F756400D7209C /* MarkdownExampleApp.app */;
			productType = "com.apple.product-type.application";
		};
		F41C66442D1F756600D7209C /* MarkdownExampleAppTests */ = {
			isa = PBXNativeTarget;
			buildConfigurationList = F41C665C2D1F756600D7209C /* Build configuration list for PBXNativeTarget "MarkdownExampleAppTests" */;
			buildPhases = (
				F41C66412D1F756600D7209C /* Sources */,
				F41C66422D1F756600D7209C /* Frameworks */,
				F41C66432D1F756600D7209C /* Resources */,
			);
			buildRules = (
			);
			dependencies = (
				F41C66472D1F756600D7209C /* PBXTargetDependency */,
			);
			name = MarkdownExampleAppTests;
			productName = MarkdownExampleAppTests;
			productReference = F41C66452D1F756600D7209C /* MarkdownExampleAppTests.xctest */;
			productType = "com.apple.product-type.bundle.unit-test";
		};
		F41C664E2D1F756600D7209C /* MarkdownExampleAppUITests */ = {
			isa = PBXNativeTarget;
			buildConfigurationList = F41C665F2D1F756600D7209C /* Build configuration list for PBXNativeTarget "MarkdownExampleAppUITests" */;
			buildPhases = (
				F41C664B2D1F756600D7209C /* Sources */,
				F41C664C2D1F756600D7209C /* Frameworks */,
				F41C664D2D1F756600D7209C /* Resources */,
			);
			buildRules = (
			);
			dependencies = (
				F41C66512D1F756600D7209C /* PBXTargetDependency */,
			);
			name = MarkdownExampleAppUITests;
			productName = MarkdownExampleAppUITests;
			productReference = F41C664F2D1F756600D7209C /* MarkdownExampleAppUITests.xctest */;
			productType = "com.apple.product-type.bundle.ui-testing";
		};
/* End PBXNativeTarget section */

/* Begin PBXProject section */
		F41C662C2D1F756400D7209C /* Project object */ = {
			isa = PBXProject;
			attributes = {
				BuildIndependentTargetsInParallel = 1;
				LastSwiftUpdateCheck = 1540;
				LastUpgradeCheck = 1540;
				TargetAttributes = {
					F41C66332D1F756400D7209C = {
						CreatedOnToolsVersion = 15.4;
					};
					F41C66442D1F756600D7209C = {
						CreatedOnToolsVersion = 15.4;
						TestTargetID = F41C66332D1F756400D7209C;
					};
					F41C664E2D1F756600D7209C = {
						CreatedOnToolsVersion = 15.4;
						TestTargetID = F41C66332D1F756400D7209C;
					};
				};
			};
			buildConfigurationList = F41C662F2D1F756400D7209C /* Build configuration list for PBXProject "MarkdownExampleApp" */;
			compatibilityVersion = "Xcode 14.0";
			developmentRegion = en;
			hasScannedForEncodings = 0;
			knownRegions = (
				en,
				Base,
			);
			mainGroup = F41C662B2D1F756400D7209C;
			packageReferences = (
				F41C66622D1F758B00D7209C /* XCLocalSwiftPackageReference "../FastMarkdownParser" */,
				F41C66652D1FC48400D7209C /* XCRemoteSwiftPackageReference "SwiftPrettyTree" */,
			);
			productRefGroup = F41C66352D1F756400D7209C /* Products */;
			projectDirPath = "";
			projectRoot = "";
			targets = (
				F41C66332D1F756400D7209C /* MarkdownExampleApp */,
				F41C66442D1F756600D7209C /* MarkdownExampleAppTests */,
				F41C664E2D1F756600D7209C /* MarkdownExampleAppUITests */,
			);
		};
/* End PBXProject section */

/* Begin PBXResourcesBuildPhase section */
		F41C66322D1F756400D7209C /* Resources */ = {
			isa = PBXResourcesBuildPhase;
			buildActionMask = 2147483647;
			files = (
				F41C66402D1F756600D7209C /* Preview Assets.xcassets in Resources */,
				F41C66752D20957100D7209C /* sample4.md in Resources */,
				F41C66702D20953900D7209C /* sample2.md in Resources */,
				F41C666E2D2093D100D7209C /* sample1.md in Resources */,
				F41C663C2D1F756600D7209C /* Assets.xcassets in Resources */,
				F41C66722D20955600D7209C /* sample3.md in Resources */,
			);
			runOnlyForDeploymentPostprocessing = 0;
		};
		F41C66432D1F756600D7209C /* Resources */ = {
			isa = PBXResourcesBuildPhase;
			buildActionMask = 2147483647;
			files = (
			);
			runOnlyForDeploymentPostprocessing = 0;
		};
		F41C664D2D1F756600D7209C /* Resources */ = {
			isa = PBXResourcesBuildPhase;
			buildActionMask = 2147483647;
			files = (
			);
			runOnlyForDeploymentPostprocessing = 0;
		};
/* End PBXResourcesBuildPhase section */

/* Begin PBXSourcesBuildPhase section */
		F41C66302D1F756400D7209C /* Sources */ = {
			isa = PBXSourcesBuildPhase;
			buildActionMask = 2147483647;
			files = (
				F41C66792D20B53A00D7209C /* WrapView.swift in Sources */,
				F41C66692D20924800D7209C /* MarkdownDebugEditor.swift in Sources */,
				F41C663A2D1F756400D7209C /* ContentView.swift in Sources */,
				F41C66382D1F756400D7209C /* MarkdownExampleApp.swift in Sources */,
				F41C666B2D20934400D7209C /* MarkdownRenderer.swift in Sources */,
				F41C66772D2097D700D7209C /* SampleFileType.swift in Sources */,
				F41C667B2D20B8C200D7209C /* DocumentView.swift in Sources */,
			);
			runOnlyForDeploymentPostprocessing = 0;
		};
		F41C66412D1F756600D7209C /* Sources */ = {
			isa = PBXSourcesBuildPhase;
			buildActionMask = 2147483647;
			files = (
				F41C664A2D1F756600D7209C /* MarkdownExampleAppTests.swift in Sources */,
			);
			runOnlyForDeploymentPostprocessing = 0;
		};
		F41C664B2D1F756600D7209C /* Sources */ = {
			isa = PBXSourcesBuildPhase;
			buildActionMask = 2147483647;
			files = (
				F41C66562D1F756600D7209C /* MarkdownExampleAppUITestsLaunchTests.swift in Sources */,
				F41C66542D1F756600D7209C /* MarkdownExampleAppUITests.swift in Sources */,
			);
			runOnlyForDeploymentPostprocessing = 0;
		};
/* End PBXSourcesBuildPhase section */

/* Begin PBXTargetDependency section */
		F41C66472D1F756600D7209C /* PBXTargetDependency */ = {
			isa = PBXTargetDependency;
			target = F41C66332D1F756400D7209C /* MarkdownExampleApp */;
			targetProxy = F41C66462D1F756600D7209C /* PBXContainerItemProxy */;
		};
		F41C66512D1F756600D7209C /* PBXTargetDependency */ = {
			isa = PBXTargetDependency;
			target = F41C66332D1F756400D7209C /* MarkdownExampleApp */;
			targetProxy = F41C66502D1F756600D7209C /* PBXContainerItemProxy */;
		};
/* End PBXTargetDependency section */

/* Begin XCBuildConfiguration section */
		F41C66572D1F756600D7209C /* Debug */ = {
			isa = XCBuildConfiguration;
			buildSettings = {
				ALWAYS_SEARCH_USER_PATHS = NO;
				ASSETCATALOG_COMPILER_GENERATE_SWIFT_ASSET_SYMBOL_EXTENSIONS = YES;
				CLANG_ANALYZER_NONNULL = YES;
				CLANG_ANALYZER_NUMBER_OBJECT_CONVERSION = YES_AGGRESSIVE;
				CLANG_CXX_LANGUAGE_STANDARD = "gnu++20";
				CLANG_ENABLE_MODULES = YES;
				CLANG_ENABLE_OBJC_ARC = YES;
				CLANG_ENABLE_OBJC_WEAK = YES;
				CLANG_WARN_BLOCK_CAPTURE_AUTORELEASING = YES;
				CLANG_WARN_BOOL_CONVERSION = YES;
				CLANG_WARN_COMMA = YES;
				CLANG_WARN_CONSTANT_CONVERSION = YES;
				CLANG_WARN_DEPRECATED_OBJC_IMPLEMENTATIONS = YES;
				CLANG_WARN_DIRECT_OBJC_ISA_USAGE = YES_ERROR;
				CLANG_WARN_DOCUMENTATION_COMMENTS = YES;
				CLANG_WARN_EMPTY_BODY = YES;
				CLANG_WARN_ENUM_CONVERSION = YES;
				CLANG_WARN_INFINITE_RECURSION = YES;
				CLANG_WARN_INT_CONVERSION = YES;
				CLANG_WARN_NON_LITERAL_NULL_CONVERSION = YES;
				CLANG_WARN_OBJC_IMPLICIT_RETAIN_SELF = YES;
				CLANG_WARN_OBJC_LITERAL_CONVERSION = YES;
				CLANG_WARN_OBJC_ROOT_CLASS = YES_ERROR;
				CLANG_WARN_QUOTED_INCLUDE_IN_FRAMEWORK_HEADER = YES;
				CLANG_WARN_RANGE_LOOP_ANALYSIS = YES;
				CLANG_WARN_STRICT_PROTOTYPES = YES;
				CLANG_WARN_SUSPICIOUS_MOVE = YES;
				CLANG_WARN_UNGUARDED_AVAILABILITY = YES_AGGRESSIVE;
				CLANG_WARN_UNREACHABLE_CODE = YES;
				CLANG_WARN__DUPLICATE_METHOD_MATCH = YES;
				COPY_PHASE_STRIP = NO;
				DEBUG_INFORMATION_FORMAT = dwarf;
				ENABLE_STRICT_OBJC_MSGSEND = YES;
				ENABLE_TESTABILITY = YES;
				ENABLE_USER_SCRIPT_SANDBOXING = YES;
				GCC_C_LANGUAGE_STANDARD = gnu17;
				GCC_DYNAMIC_NO_PIC = NO;
				GCC_NO_COMMON_BLOCKS = YES;
				GCC_OPTIMIZATION_LEVEL = 0;
				GCC_PREPROCESSOR_DEFINITIONS = (
					"DEBUG=1",
					"$(inherited)",
				);
				GCC_WARN_64_TO_32_BIT_CONVERSION = YES;
				GCC_WARN_ABOUT_RETURN_TYPE = YES_ERROR;
				GCC_WARN_UNDECLARED_SELECTOR = YES;
				GCC_WARN_UNINITIALIZED_AUTOS = YES_AGGRESSIVE;
				GCC_WARN_UNUSED_FUNCTION = YES;
				GCC_WARN_UNUSED_VARIABLE = YES;
				LOCALIZATION_PREFERS_STRING_CATALOGS = YES;
				MTL_ENABLE_DEBUG_INFO = INCLUDE_SOURCE;
				MTL_FAST_MATH = YES;
				ONLY_ACTIVE_ARCH = YES;
				SWIFT_ACTIVE_COMPILATION_CONDITIONS = "DEBUG $(inherited)";
				SWIFT_OPTIMIZATION_LEVEL = "-Onone";
			};
			name = Debug;
		};
		F41C66582D1F756600D7209C /* Release */ = {
			isa = XCBuildConfiguration;
			buildSettings = {
				ALWAYS_SEARCH_USER_PATHS = NO;
				ASSETCATALOG_COMPILER_GENERATE_SWIFT_ASSET_SYMBOL_EXTENSIONS = YES;
				CLANG_ANALYZER_NONNULL = YES;
				CLANG_ANALYZER_NUMBER_OBJECT_CONVERSION = YES_AGGRESSIVE;
				CLANG_CXX_LANGUAGE_STANDARD = "gnu++20";
				CLANG_ENABLE_MODULES = YES;
				CLANG_ENABLE_OBJC_ARC = YES;
				CLANG_ENABLE_OBJC_WEAK = YES;
				CLANG_WARN_BLOCK_CAPTURE_AUTORELEASING = YES;
				CLANG_WARN_BOOL_CONVERSION = YES;
				CLANG_WARN_COMMA = YES;
				CLANG_WARN_CONSTANT_CONVERSION = YES;
				CLANG_WARN_DEPRECATED_OBJC_IMPLEMENTATIONS = YES;
				CLANG_WARN_DIRECT_OBJC_ISA_USAGE = YES_ERROR;
				CLANG_WARN_DOCUMENTATION_COMMENTS = YES;
				CLANG_WARN_EMPTY_BODY = YES;
				CLANG_WARN_ENUM_CONVERSION = YES;
				CLANG_WARN_INFINITE_RECURSION = YES;
				CLANG_WARN_INT_CONVERSION = YES;
				CLANG_WARN_NON_LITERAL_NULL_CONVERSION = YES;
				CLANG_WARN_OBJC_IMPLICIT_RETAIN_SELF = YES;
				CLANG_WARN_OBJC_LITERAL_CONVERSION = YES;
				CLANG_WARN_OBJC_ROOT_CLASS = YES_ERROR;
				CLANG_WARN_QUOTED_INCLUDE_IN_FRAMEWORK_HEADER = YES;
				CLANG_WARN_RANGE_LOOP_ANALYSIS = YES;
				CLANG_WARN_STRICT_PROTOTYPES = YES;
				CLANG_WARN_SUSPICIOUS_MOVE = YES;
				CLANG_WARN_UNGUARDED_AVAILABILITY = YES_AGGRESSIVE;
				CLANG_WARN_UNREACHABLE_CODE = YES;
				CLANG_WARN__DUPLICATE_METHOD_MATCH = YES;
				COPY_PHASE_STRIP = NO;
				DEBUG_INFORMATION_FORMAT = "dwarf-with-dsym";
				ENABLE_NS_ASSERTIONS = NO;
				ENABLE_STRICT_OBJC_MSGSEND = YES;
				ENABLE_USER_SCRIPT_SANDBOXING = YES;
				GCC_C_LANGUAGE_STANDARD = gnu17;
				GCC_NO_COMMON_BLOCKS = YES;
				GCC_WARN_64_TO_32_BIT_CONVERSION = YES;
				GCC_WARN_ABOUT_RETURN_TYPE = YES_ERROR;
				GCC_WARN_UNDECLARED_SELECTOR = YES;
				GCC_WARN_UNINITIALIZED_AUTOS = YES_AGGRESSIVE;
				GCC_WARN_UNUSED_FUNCTION = YES;
				GCC_WARN_UNUSED_VARIABLE = YES;
				LOCALIZATION_PREFERS_STRING_CATALOGS = YES;
				MTL_ENABLE_DEBUG_INFO = NO;
				MTL_FAST_MATH = YES;
				SWIFT_COMPILATION_MODE = wholemodule;
			};
			name = Release;
		};
		F41C665A2D1F756600D7209C /* Debug */ = {
			isa = XCBuildConfiguration;
			buildSettings = {
				ASSETCATALOG_COMPILER_APPICON_NAME = AppIcon;
				ASSETCATALOG_COMPILER_GLOBAL_ACCENT_COLOR_NAME = AccentColor;
				CODE_SIGN_ENTITLEMENTS = MarkdownExampleApp/MarkdownExampleApp.entitlements;
				CODE_SIGN_STYLE = Automatic;
				CURRENT_PROJECT_VERSION = 1;
				DEVELOPMENT_ASSET_PATHS = "\"MarkdownExampleApp/Preview Content\"";
				DEVELOPMENT_TEAM = CV5FXG5P92;
				ENABLE_HARDENED_RUNTIME = YES;
				ENABLE_PREVIEWS = YES;
				GENERATE_INFOPLIST_FILE = YES;
				"INFOPLIST_KEY_UIApplicationSceneManifest_Generation[sdk=iphoneos*]" = YES;
				"INFOPLIST_KEY_UIApplicationSceneManifest_Generation[sdk=iphonesimulator*]" = YES;
				"INFOPLIST_KEY_UIApplicationSupportsIndirectInputEvents[sdk=iphoneos*]" = YES;
				"INFOPLIST_KEY_UIApplicationSupportsIndirectInputEvents[sdk=iphonesimulator*]" = YES;
				"INFOPLIST_KEY_UILaunchScreen_Generation[sdk=iphoneos*]" = YES;
				"INFOPLIST_KEY_UILaunchScreen_Generation[sdk=iphonesimulator*]" = YES;
				"INFOPLIST_KEY_UIStatusBarStyle[sdk=iphoneos*]" = UIStatusBarStyleDefault;
				"INFOPLIST_KEY_UIStatusBarStyle[sdk=iphonesimulator*]" = UIStatusBarStyleDefault;
				INFOPLIST_KEY_UISupportedInterfaceOrientations_iPad = "UIInterfaceOrientationPortrait UIInterfaceOrientationPortraitUpsideDown UIInterfaceOrientationLandscapeLeft UIInterfaceOrientationLandscapeRight";
				INFOPLIST_KEY_UISupportedInterfaceOrientations_iPhone = "UIInterfaceOrientationPortrait UIInterfaceOrientationLandscapeLeft UIInterfaceOrientationLandscapeRight";
				IPHONEOS_DEPLOYMENT_TARGET = 17.5;
				LD_RUNPATH_SEARCH_PATHS = "@executable_path/Frameworks";
				"LD_RUNPATH_SEARCH_PATHS[sdk=macosx*]" = "@executable_path/../Frameworks";
				MACOSX_DEPLOYMENT_TARGET = 14.5;
				MARKETING_VERSION = 1.0;
				PRODUCT_BUNDLE_IDENTIFIER = com.colbyn.MarkdownExampleApp;
				PRODUCT_NAME = "$(TARGET_NAME)";
				SDKROOT = auto;
				SUPPORTED_PLATFORMS = "iphoneos iphonesimulator";
				SUPPORTS_MACCATALYST = YES;
				SWIFT_EMIT_LOC_STRINGS = YES;
				SWIFT_VERSION = 5.0;
				TARGETED_DEVICE_FAMILY = "1,2";
			};
			name = Debug;
		};
		F41C665B2D1F756600D7209C /* Release */ = {
			isa = XCBuildConfiguration;
			buildSettings = {
				ASSETCATALOG_COMPILER_APPICON_NAME = AppIcon;
				ASSETCATALOG_COMPILER_GLOBAL_ACCENT_COLOR_NAME = AccentColor;
				CODE_SIGN_ENTITLEMENTS = MarkdownExampleApp/MarkdownExampleApp.entitlements;
				CODE_SIGN_STYLE = Automatic;
				CURRENT_PROJECT_VERSION = 1;
				DEVELOPMENT_ASSET_PATHS = "\"MarkdownExampleApp/Preview Content\"";
				DEVELOPMENT_TEAM = CV5FXG5P92;
				ENABLE_HARDENED_RUNTIME = YES;
				ENABLE_PREVIEWS = YES;
				GENERATE_INFOPLIST_FILE = YES;
				"INFOPLIST_KEY_UIApplicationSceneManifest_Generation[sdk=iphoneos*]" = YES;
				"INFOPLIST_KEY_UIApplicationSceneManifest_Generation[sdk=iphonesimulator*]" = YES;
				"INFOPLIST_KEY_UIApplicationSupportsIndirectInputEvents[sdk=iphoneos*]" = YES;
				"INFOPLIST_KEY_UIApplicationSupportsIndirectInputEvents[sdk=iphonesimulator*]" = YES;
				"INFOPLIST_KEY_UILaunchScreen_Generation[sdk=iphoneos*]" = YES;
				"INFOPLIST_KEY_UILaunchScreen_Generation[sdk=iphonesimulator*]" = YES;
				"INFOPLIST_KEY_UIStatusBarStyle[sdk=iphoneos*]" = UIStatusBarStyleDefault;
				"INFOPLIST_KEY_UIStatusBarStyle[sdk=iphonesimulator*]" = UIStatusBarStyleDefault;
				INFOPLIST_KEY_UISupportedInterfaceOrientations_iPad = "UIInterfaceOrientationPortrait UIInterfaceOrientationPortraitUpsideDown UIInterfaceOrientationLandscapeLeft UIInterfaceOrientationLandscapeRight";
				INFOPLIST_KEY_UISupportedInterfaceOrientations_iPhone = "UIInterfaceOrientationPortrait UIInterfaceOrientationLandscapeLeft UIInterfaceOrientationLandscapeRight";
				IPHONEOS_DEPLOYMENT_TARGET = 17.5;
				LD_RUNPATH_SEARCH_PATHS = "@executable_path/Frameworks";
				"LD_RUNPATH_SEARCH_PATHS[sdk=macosx*]" = "@executable_path/../Frameworks";
				MACOSX_DEPLOYMENT_TARGET = 14.5;
				MARKETING_VERSION = 1.0;
				PRODUCT_BUNDLE_IDENTIFIER = com.colbyn.MarkdownExampleApp;
				PRODUCT_NAME = "$(TARGET_NAME)";
				SDKROOT = auto;
				SUPPORTED_PLATFORMS = "iphoneos iphonesimulator";
				SUPPORTS_MACCATALYST = YES;
				SWIFT_EMIT_LOC_STRINGS = YES;
				SWIFT_VERSION = 5.0;
				TARGETED_DEVICE_FAMILY = "1,2";
			};
			name = Release;
		};
		F41C665D2D1F756600D7209C /* Debug */ = {
			isa = XCBuildConfiguration;
			buildSettings = {
				ALWAYS_EMBED_SWIFT_STANDARD_LIBRARIES = YES;
				BUNDLE_LOADER = "$(TEST_HOST)";
				CODE_SIGN_STYLE = Automatic;
				CURRENT_PROJECT_VERSION = 1;
				DEVELOPMENT_TEAM = CV5FXG5P92;
				GENERATE_INFOPLIST_FILE = YES;
				IPHONEOS_DEPLOYMENT_TARGET = 17.5;
				MACOSX_DEPLOYMENT_TARGET = 14.5;
				MARKETING_VERSION = 1.0;
				PRODUCT_BUNDLE_IDENTIFIER = com.colbyn.MarkdownExampleAppTests;
				PRODUCT_NAME = "$(TARGET_NAME)";
				SDKROOT = auto;
				SUPPORTED_PLATFORMS = "iphoneos iphonesimulator macosx";
				SWIFT_EMIT_LOC_STRINGS = NO;
				SWIFT_VERSION = 5.0;
				TARGETED_DEVICE_FAMILY = "1,2";
				TEST_HOST = "$(BUILT_PRODUCTS_DIR)/MarkdownExampleApp.app/$(BUNDLE_EXECUTABLE_FOLDER_PATH)/MarkdownExampleApp";
			};
			name = Debug;
		};
		F41C665E2D1F756600D7209C /* Release */ = {
			isa = XCBuildConfiguration;
			buildSettings = {
				ALWAYS_EMBED_SWIFT_STANDARD_LIBRARIES = YES;
				BUNDLE_LOADER = "$(TEST_HOST)";
				CODE_SIGN_STYLE = Automatic;
				CURRENT_PROJECT_VERSION = 1;
				DEVELOPMENT_TEAM = CV5FXG5P92;
				GENERATE_INFOPLIST_FILE = YES;
				IPHONEOS_DEPLOYMENT_TARGET = 17.5;
				MACOSX_DEPLOYMENT_TARGET = 14.5;
				MARKETING_VERSION = 1.0;
				PRODUCT_BUNDLE_IDENTIFIER = com.colbyn.MarkdownExampleAppTests;
				PRODUCT_NAME = "$(TARGET_NAME)";
				SDKROOT = auto;
				SUPPORTED_PLATFORMS = "iphoneos iphonesimulator macosx";
				SWIFT_EMIT_LOC_STRINGS = NO;
				SWIFT_VERSION = 5.0;
				TARGETED_DEVICE_FAMILY = "1,2";
				TEST_HOST = "$(BUILT_PRODUCTS_DIR)/MarkdownExampleApp.app/$(BUNDLE_EXECUTABLE_FOLDER_PATH)/MarkdownExampleApp";
			};
			name = Release;
		};
		F41C66602D1F756600D7209C /* Debug */ = {
			isa = XCBuildConfiguration;
			buildSettings = {
				ALWAYS_EMBED_SWIFT_STANDARD_LIBRARIES = YES;
				CODE_SIGN_STYLE = Automatic;
				CURRENT_PROJECT_VERSION = 1;
				DEVELOPMENT_TEAM = CV5FXG5P92;
				GENERATE_INFOPLIST_FILE = YES;
				IPHONEOS_DEPLOYMENT_TARGET = 17.5;
				MACOSX_DEPLOYMENT_TARGET = 14.5;
				MARKETING_VERSION = 1.0;
				PRODUCT_BUNDLE_IDENTIFIER = com.colbyn.MarkdownExampleAppUITests;
				PRODUCT_NAME = "$(TARGET_NAME)";
				SDKROOT = auto;
				SUPPORTED_PLATFORMS = "iphoneos iphonesimulator macosx";
				SWIFT_EMIT_LOC_STRINGS = NO;
				SWIFT_VERSION = 5.0;
				TARGETED_DEVICE_FAMILY = "1,2";
				TEST_TARGET_NAME = MarkdownExampleApp;
			};
			name = Debug;
		};
		F41C66612D1F756600D7209C /* Release */ = {
			isa = XCBuildConfiguration;
			buildSettings = {
				ALWAYS_EMBED_SWIFT_STANDARD_LIBRARIES = YES;
				CODE_SIGN_STYLE = Automatic;
				CURRENT_PROJECT_VERSION = 1;
				DEVELOPMENT_TEAM = CV5FXG5P92;
				GENERATE_INFOPLIST_FILE = YES;
				IPHONEOS_DEPLOYMENT_TARGET = 17.5;
				MACOSX_DEPLOYMENT_TARGET = 14.5;
				MARKETING_VERSION = 1.0;
				PRODUCT_BUNDLE_IDENTIFIER = com.colbyn.MarkdownExampleAppUITests;
				PRODUCT_NAME = "$(TARGET_NAME)";
				SDKROOT = auto;
				SUPPORTED_PLATFORMS = "iphoneos iphonesimulator macosx";
				SWIFT_EMIT_LOC_STRINGS = NO;
				SWIFT_VERSION = 5.0;
				TARGETED_DEVICE_FAMILY = "1,2";
				TEST_TARGET_NAME = MarkdownExampleApp;
			};
			name = Release;
		};
/* End XCBuildConfiguration section */

/* Begin XCConfigurationList section */
		F41C662F2D1F756400D7209C /* Build configuration list for PBXProject "MarkdownExampleApp" */ = {
			isa = XCConfigurationList;
			buildConfigurations = (
				F41C66572D1F756600D7209C /* Debug */,
				F41C66582D1F756600D7209C /* Release */,
			);
			defaultConfigurationIsVisible = 0;
			defaultConfigurationName = Release;
		};
		F41C66592D1F756600D7209C /* Build configuration list for PBXNativeTarget "MarkdownExampleApp" */ = {
			isa = XCConfigurationList;
			buildConfigurations = (
				F41C665A2D1F756600D7209C /* Debug */,
				F41C665B2D1F756600D7209C /* Release */,
			);
			defaultConfigurationIsVisible = 0;
			defaultConfigurationName = Release;
		};
		F41C665C2D1F756600D7209C /* Build configuration list for PBXNativeTarget "MarkdownExampleAppTests" */ = {
			isa = XCConfigurationList;
			buildConfigurations = (
				F41C665D2D1F756600D7209C /* Debug */,
				F41C665E2D1F756600D7209C /* Release */,
			);
			defaultConfigurationIsVisible = 0;
			defaultConfigurationName = Release;
		};
		F41C665F2D1F756600D7209C /* Build configuration list for PBXNativeTarget "MarkdownExampleAppUITests" */ = {
			isa = XCConfigurationList;
			buildConfigurations = (
				F41C66602D1F756600D7209C /* Debug */,
				F41C66612D1F756600D7209C /* Release */,
			);
			defaultConfigurationIsVisible = 0;
			defaultConfigurationName = Release;
		};
/* End XCConfigurationList section */

/* Begin XCLocalSwiftPackageReference section */
		F41C66622D1F758B00D7209C /* XCLocalSwiftPackageReference "../FastMarkdownParser" */ = {
			isa = XCLocalSwiftPackageReference;
			relativePath = ../FastMarkdownParser;
		};
/* End XCLocalSwiftPackageReference section */

/* Begin XCRemoteSwiftPackageReference section */
		F41C66652D1FC48400D7209C /* XCRemoteSwiftPackageReference "SwiftPrettyTree" */ = {
			isa = XCRemoteSwiftPackageReference;
			repositoryURL = "https://github.com/colbyn/SwiftPrettyTree.git";
			requirement = {
				kind = upToNextMajorVersion;
				minimumVersion = 0.4.0;
			};
		};
/* End XCRemoteSwiftPackageReference section */

/* Begin XCSwiftPackageProductDependency section */
		F41C66632D1F758B00D7209C /* FastMarkdownParser */ = {
			isa = XCSwiftPackageProductDependency;
			productName = FastMarkdownParser;
		};
		F41C66662D1FC48400D7209C /* SwiftPrettyTree */ = {
			isa = XCSwiftPackageProductDependency;
			package = F41C66652D1FC48400D7209C /* XCRemoteSwiftPackageReference "SwiftPrettyTree" */;
			productName = SwiftPrettyTree;
		};
/* End XCSwiftPackageProductDependency section */
	};
	rootObject = F41C662C2D1F756400D7209C /* Project object */;
}
